// !$*UTF8*$!
{
	archiveVersion = 1;
	classes = {
	};
	objectVersion = 46;
	objects = {

/* Begin PBXBuildFile section */
		4406DD851DD5605B003F5EEB /* People.swift in Sources */ = {isa = PBXBuildFile; fileRef = 4406DD841DD5605B003F5EEB /* People.swift */; };
		4452CE891DD4AC46006CE9F9 /* MapPins.swift in Sources */ = {isa = PBXBuildFile; fileRef = 4452CE881DD4AC46006CE9F9 /* MapPins.swift */; };
		4483E8EC1DD3850F00F42565 /* MapKit.framework in Frameworks */ = {isa = PBXBuildFile; fileRef = 4483E8EB1DD3850F00F42565 /* MapKit.framework */; };
		44A0B31D1DD0D07F006C501B /* User.swift in Sources */ = {isa = PBXBuildFile; fileRef = 44A0B31C1DD0D07F006C501B /* User.swift */; };
		44A0B31F1DD14413006C501B /* RegisterViewController.swift in Sources */ = {isa = PBXBuildFile; fileRef = 44A0B31E1DD14413006C501B /* RegisterViewController.swift */; };
		44A0B3211DD149FA006C501B /* Utils.swift in Sources */ = {isa = PBXBuildFile; fileRef = 44A0B3201DD149FA006C501B /* Utils.swift */; };
		44A0B3231DD14B31006C501B /* UserStore.swift in Sources */ = {isa = PBXBuildFile; fileRef = 44A0B3221DD14B31006C501B /* UserStore.swift */; };
		44AF6BF01DCE168100DF4FDC /* AppDelegate.swift in Sources */ = {isa = PBXBuildFile; fileRef = 44AF6BEF1DCE168100DF4FDC /* AppDelegate.swift */; };
		44AF6BF51DCE168100DF4FDC /* Main.storyboard in Resources */ = {isa = PBXBuildFile; fileRef = 44AF6BF31DCE168100DF4FDC /* Main.storyboard */; };
		44AF6BF71DCE168100DF4FDC /* Assets.xcassets in Resources */ = {isa = PBXBuildFile; fileRef = 44AF6BF61DCE168100DF4FDC /* Assets.xcassets */; };
		44AF6BFA1DCE168100DF4FDC /* LaunchScreen.storyboard in Resources */ = {isa = PBXBuildFile; fileRef = 44AF6BF81DCE168100DF4FDC /* LaunchScreen.storyboard */; };
		44B4A7B31DD2B06D00EC4EE5 /* UserListViewController.swift in Sources */ = {isa = PBXBuildFile; fileRef = 44B4A7B21DD2B06D00EC4EE5 /* UserListViewController.swift */; };
		44B4A7B51DD35EFF00EC4EE5 /* MapViewController.swift in Sources */ = {isa = PBXBuildFile; fileRef = 44B4A7B41DD35EFF00EC4EE5 /* MapViewController.swift */; };
		44FCA7CD1DCE1D9200933ACC /* Login.storyboard in Resources */ = {isa = PBXBuildFile; fileRef = 44FCA7CC1DCE1D9200933ACC /* Login.storyboard */; };
		44FCA7CF1DCE1F8700933ACC /* LoginViewController.swift in Sources */ = {isa = PBXBuildFile; fileRef = 44FCA7CE1DCE1F8700933ACC /* LoginViewController.swift */; };
		44FCA7D31DCE220B00933ACC /* NetworkModel.swift in Sources */ = {isa = PBXBuildFile; fileRef = 44FCA7D21DCE220B00933ACC /* NetworkModel.swift */; };
		44FCA7D51DCE23C200933ACC /* WebServices.swift in Sources */ = {isa = PBXBuildFile; fileRef = 44FCA7D41DCE23C200933ACC /* WebServices.swift */; };
		44FCA7D71DCE248400933ACC /* WebServicesExtension.swift in Sources */ = {isa = PBXBuildFile; fileRef = 44FCA7D61DCE248400933ACC /* WebServicesExtension.swift */; };
		44FCA7DC1DCE2C7800933ACC /* Constants.swift in Sources */ = {isa = PBXBuildFile; fileRef = 44FCA7DB1DCE2C7800933ACC /* Constants.swift */; };
		44FCA7DE1DCF9F8700933ACC /* Account.swift in Sources */ = {isa = PBXBuildFile; fileRef = 44FCA7DD1DCF9F8700933ACC /* Account.swift */; };
		6995F5831071BB440B910429 /* Pods_PeopleMon2.framework in Frameworks */ = {isa = PBXBuildFile; fileRef = CA9C1A96EC60F02051159B1B /* Pods_PeopleMon2.framework */; };
/* End PBXBuildFile section */

/* Begin PBXFileReference section */
		2825931A99CD9FF320EF2711 /* Pods-PeopleMon2.debug.xcconfig */ = {isa = PBXFileReference; includeInIndex = 1; lastKnownFileType = text.xcconfig; name = "Pods-PeopleMon2.debug.xcconfig"; path = "Pods/Target Support Files/Pods-PeopleMon2/Pods-PeopleMon2.debug.xcconfig"; sourceTree = "<group>"; };
		4406DD841DD5605B003F5EEB /* People.swift */ = {isa = PBXFileReference; fileEncoding = 4; lastKnownFileType = sourcecode.swift; name = People.swift; path = Models/People.swift; sourceTree = "<group>"; };
		4452CE881DD4AC46006CE9F9 /* MapPins.swift */ = {isa = PBXFileReference; fileEncoding = 4; lastKnownFileType = sourcecode.swift; name = MapPins.swift; path = Models/Componants/MapPins.swift; sourceTree = "<group>"; };
		4483E8EA1DD3841200F42565 /* PeopleMon2.entitlements */ = {isa = PBXFileReference; lastKnownFileType = text.plist.entitlements; path = PeopleMon2.entitlements; sourceTree = "<group>"; };
		4483E8EB1DD3850F00F42565 /* MapKit.framework */ = {isa = PBXFileReference; lastKnownFileType = wrapper.framework; name = MapKit.framework; path = System/Library/Frameworks/MapKit.framework; sourceTree = SDKROOT; };
		44A0B31C1DD0D07F006C501B /* User.swift */ = {isa = PBXFileReference; fileEncoding = 4; lastKnownFileType = sourcecode.swift; name = User.swift; path = Models/User.swift; sourceTree = "<group>"; };
		44A0B31E1DD14413006C501B /* RegisterViewController.swift */ = {isa = PBXFileReference; fileEncoding = 4; lastKnownFileType = sourcecode.swift; name = RegisterViewController.swift; path = StoryBoards/ViewControllers/RegisterViewController.swift; sourceTree = "<group>"; };
		44A0B3201DD149FA006C501B /* Utils.swift */ = {isa = PBXFileReference; fileEncoding = 4; lastKnownFileType = sourcecode.swift; name = Utils.swift; path = Models/Componants/Utils.swift; sourceTree = "<group>"; };
		44A0B3221DD14B31006C501B /* UserStore.swift */ = {isa = PBXFileReference; fileEncoding = 4; lastKnownFileType = sourcecode.swift; name = UserStore.swift; path = Models/Componants/UserStore.swift; sourceTree = "<group>"; };
		44AF6BEC1DCE168100DF4FDC /* PeopleMon2.app */ = {isa = PBXFileReference; explicitFileType = wrapper.application; includeInIndex = 0; path = PeopleMon2.app; sourceTree = BUILT_PRODUCTS_DIR; };
		44AF6BEF1DCE168100DF4FDC /* AppDelegate.swift */ = {isa = PBXFileReference; lastKnownFileType = sourcecode.swift; path = AppDelegate.swift; sourceTree = "<group>"; };
		44AF6BF11DCE168100DF4FDC /* ViewController.swift */ = {isa = PBXFileReference; lastKnownFileType = sourcecode.swift; name = ViewController.swift; path = PeopleMon2/ViewController.swift; sourceTree = "<group>"; };
		44AF6BF41DCE168100DF4FDC /* Base */ = {isa = PBXFileReference; lastKnownFileType = file.storyboard; name = Base; path = Base.lproj/Main.storyboard; sourceTree = "<group>"; };
		44AF6BF61DCE168100DF4FDC /* Assets.xcassets */ = {isa = PBXFileReference; lastKnownFileType = folder.assetcatalog; path = Assets.xcassets; sourceTree = "<group>"; };
		44AF6BF91DCE168100DF4FDC /* Base */ = {isa = PBXFileReference; lastKnownFileType = file.storyboard; name = Base; path = Base.lproj/LaunchScreen.storyboard; sourceTree = "<group>"; };
		44AF6BFB1DCE168100DF4FDC /* Info.plist */ = {isa = PBXFileReference; lastKnownFileType = text.plist.xml; path = Info.plist; sourceTree = "<group>"; };
		44B4A7B21DD2B06D00EC4EE5 /* UserListViewController.swift */ = {isa = PBXFileReference; fileEncoding = 4; lastKnownFileType = sourcecode.swift; name = UserListViewController.swift; path = StoryBoards/ViewControllers/UserListViewController.swift; sourceTree = "<group>"; };
		44B4A7B41DD35EFF00EC4EE5 /* MapViewController.swift */ = {isa = PBXFileReference; fileEncoding = 4; lastKnownFileType = sourcecode.swift; name = MapViewController.swift; path = StoryBoards/ViewControllers/MapViewController.swift; sourceTree = "<group>"; };
		44FCA7CC1DCE1D9200933ACC /* Login.storyboard */ = {isa = PBXFileReference; fileEncoding = 4; lastKnownFileType = file.storyboard; path = Login.storyboard; sourceTree = "<group>"; };
		44FCA7CE1DCE1F8700933ACC /* LoginViewController.swift */ = {isa = PBXFileReference; fileEncoding = 4; lastKnownFileType = sourcecode.swift; name = LoginViewController.swift; path = StoryBoards/ViewControllers/LoginViewController.swift; sourceTree = "<group>"; };
		44FCA7D21DCE220B00933ACC /* NetworkModel.swift */ = {isa = PBXFileReference; fileEncoding = 4; lastKnownFileType = sourcecode.swift; name = NetworkModel.swift; path = Networking/NetworkModel.swift; sourceTree = "<group>"; };
		44FCA7D41DCE23C200933ACC /* WebServices.swift */ = {isa = PBXFileReference; fileEncoding = 4; lastKnownFileType = sourcecode.swift; name = WebServices.swift; path = Networking/WebServices.swift; sourceTree = "<group>"; };
		44FCA7D61DCE248400933ACC /* WebServicesExtension.swift */ = {isa = PBXFileReference; fileEncoding = 4; lastKnownFileType = sourcecode.swift; name = WebServicesExtension.swift; path = Networking/WebServicesExtension.swift; sourceTree = "<group>"; };
		44FCA7D81DCE284600933ACC /* PeopleMonBridging-header.h */ = {isa = PBXFileReference; lastKnownFileType = sourcecode.c.h; path = "PeopleMonBridging-header.h"; sourceTree = "<group>"; };
		44FCA7DB1DCE2C7800933ACC /* Constants.swift */ = {isa = PBXFileReference; fileEncoding = 4; lastKnownFileType = sourcecode.swift; name = Constants.swift; path = Models/Componants/Constants.swift; sourceTree = "<group>"; };
		44FCA7DD1DCF9F8700933ACC /* Account.swift */ = {isa = PBXFileReference; fileEncoding = 4; lastKnownFileType = sourcecode.swift; name = Account.swift; path = Models/Account.swift; sourceTree = "<group>"; };
		CA9C1A96EC60F02051159B1B /* Pods_PeopleMon2.framework */ = {isa = PBXFileReference; explicitFileType = wrapper.framework; includeInIndex = 0; path = Pods_PeopleMon2.framework; sourceTree = BUILT_PRODUCTS_DIR; };
		F78B8EB5D78D57A2C227DD1E /* Pods-PeopleMon2.release.xcconfig */ = {isa = PBXFileReference; includeInIndex = 1; lastKnownFileType = text.xcconfig; name = "Pods-PeopleMon2.release.xcconfig"; path = "Pods/Target Support Files/Pods-PeopleMon2/Pods-PeopleMon2.release.xcconfig"; sourceTree = "<group>"; };
/* End PBXFileReference section */

/* Begin PBXFrameworksBuildPhase section */
		44AF6BE91DCE168100DF4FDC /* Frameworks */ = {
			isa = PBXFrameworksBuildPhase;
			buildActionMask = 2147483647;
			files = (
				4483E8EC1DD3850F00F42565 /* MapKit.framework in Frameworks */,
				6995F5831071BB440B910429 /* Pods_PeopleMon2.framework in Frameworks */,
			);
			runOnlyForDeploymentPostprocessing = 0;
		};
/* End PBXFrameworksBuildPhase section */

/* Begin PBXGroup section */
		0116E2FCB183EC73E872D2E3 /* Pods */ = {
			isa = PBXGroup;
			children = (
				2825931A99CD9FF320EF2711 /* Pods-PeopleMon2.debug.xcconfig */,
				F78B8EB5D78D57A2C227DD1E /* Pods-PeopleMon2.release.xcconfig */,
			);
			name = Pods;
			sourceTree = "<group>";
		};
		127771AF803EDF2B5A90D715 /* Frameworks */ = {
			isa = PBXGroup;
			children = (
				4483E8EB1DD3850F00F42565 /* MapKit.framework */,
				CA9C1A96EC60F02051159B1B /* Pods_PeopleMon2.framework */,
			);
			name = Frameworks;
			sourceTree = "<group>";
		};
		44AF6BE31DCE168100DF4FDC = {
			isa = PBXGroup;
			children = (
				44FCA7C61DCE19EA00933ACC /* TableCells */,
				44FCA7C71DCE1A5D00933ACC /* StoryBoads */,
				44FCA7C81DCE1A9C00933ACC /* Models */,
				44AF6BEE1DCE168100DF4FDC /* PeopleMon2 */,
				44AF6BED1DCE168100DF4FDC /* Products */,
				0116E2FCB183EC73E872D2E3 /* Pods */,
				127771AF803EDF2B5A90D715 /* Frameworks */,
			);
			sourceTree = "<group>";
		};
		44AF6BED1DCE168100DF4FDC /* Products */ = {
			isa = PBXGroup;
			children = (
				44AF6BEC1DCE168100DF4FDC /* PeopleMon2.app */,
			);
			name = Products;
			sourceTree = "<group>";
		};
		44AF6BEE1DCE168100DF4FDC /* PeopleMon2 */ = {
			isa = PBXGroup;
			children = (
				4483E8EA1DD3841200F42565 /* PeopleMon2.entitlements */,
				44FCA7D11DCE20E900933ACC /* Networking */,
				44AF6BEF1DCE168100DF4FDC /* AppDelegate.swift */,
				44AF6BF61DCE168100DF4FDC /* Assets.xcassets */,
				44AF6BF81DCE168100DF4FDC /* LaunchScreen.storyboard */,
				44AF6BFB1DCE168100DF4FDC /* Info.plist */,
				44FCA7D81DCE284600933ACC /* PeopleMonBridging-header.h */,
			);
			path = PeopleMon2;
			sourceTree = "<group>";
		};
		44FCA7C61DCE19EA00933ACC /* TableCells */ = {
			isa = PBXGroup;
			children = (
			);
			name = TableCells;
			sourceTree = "<group>";
		};
		44FCA7C71DCE1A5D00933ACC /* StoryBoads */ = {
			isa = PBXGroup;
			children = (
				44FCA7C91DCE1C2400933ACC /* ViewControllers */,
				44AF6BF31DCE168100DF4FDC /* Main.storyboard */,
				44FCA7CC1DCE1D9200933ACC /* Login.storyboard */,
			);
			name = StoryBoads;
			sourceTree = "<group>";
		};
		44FCA7C81DCE1A9C00933ACC /* Models */ = {
			isa = PBXGroup;
			children = (
				44FCA7D01DCE209D00933ACC /* Componants */,
				44FCA7DD1DCF9F8700933ACC /* Account.swift */,
				44A0B31C1DD0D07F006C501B /* User.swift */,
				4406DD841DD5605B003F5EEB /* People.swift */,
			);
			name = Models;
			sourceTree = "<group>";
		};
		44FCA7C91DCE1C2400933ACC /* ViewControllers */ = {
			isa = PBXGroup;
			children = (
				44AF6BF11DCE168100DF4FDC /* ViewController.swift */,
				44FCA7CE1DCE1F8700933ACC /* LoginViewController.swift */,
				44A0B31E1DD14413006C501B /* RegisterViewController.swift */,
				44B4A7B21DD2B06D00EC4EE5 /* UserListViewController.swift */,
				44B4A7B41DD35EFF00EC4EE5 /* MapViewController.swift */,
			);
			name = ViewControllers;
			sourceTree = "<group>";
		};
		44FCA7D01DCE209D00933ACC /* Componants */ = {
			isa = PBXGroup;
			children = (
				44FCA7DB1DCE2C7800933ACC /* Constants.swift */,
				44A0B3201DD149FA006C501B /* Utils.swift */,
				44A0B3221DD14B31006C501B /* UserStore.swift */,
				4452CE881DD4AC46006CE9F9 /* MapPins.swift */,
			);
			name = Componants;
			sourceTree = "<group>";
		};
		44FCA7D11DCE20E900933ACC /* Networking */ = {
			isa = PBXGroup;
			children = (
				44FCA7D21DCE220B00933ACC /* NetworkModel.swift */,
				44FCA7D41DCE23C200933ACC /* WebServices.swift */,
				44FCA7D61DCE248400933ACC /* WebServicesExtension.swift */,
			);
			name = Networking;
			sourceTree = "<group>";
		};
/* End PBXGroup section */

/* Begin PBXNativeTarget section */
		44AF6BEB1DCE168100DF4FDC /* PeopleMon2 */ = {
			isa = PBXNativeTarget;
			buildConfigurationList = 44AF6BFE1DCE168100DF4FDC /* Build configuration list for PBXNativeTarget "PeopleMon2" */;
			buildPhases = (
				F852790EC148DC8C8DB8FA38 /* [CP] Check Pods Manifest.lock */,
				44AF6BE81DCE168100DF4FDC /* Sources */,
				44AF6BE91DCE168100DF4FDC /* Frameworks */,
				44AF6BEA1DCE168100DF4FDC /* Resources */,
				C1CCD70CAD7BA18D9B9426EB /* [CP] Embed Pods Frameworks */,
				FA17248A068D8AB28DF4B3D7 /* [CP] Copy Pods Resources */,
			);
			buildRules = (
			);
			dependencies = (
			);
			name = PeopleMon2;
			productName = PeopleMon2;
			productReference = 44AF6BEC1DCE168100DF4FDC /* PeopleMon2.app */;
			productType = "com.apple.product-type.application";
		};
/* End PBXNativeTarget section */

/* Begin PBXProject section */
		44AF6BE41DCE168100DF4FDC /* Project object */ = {
			isa = PBXProject;
			attributes = {
				LastSwiftUpdateCheck = 0800;
				LastUpgradeCheck = 0810;
				ORGANIZATIONNAME = "Chad Trador";
				TargetAttributes = {
					44AF6BEB1DCE168100DF4FDC = {
						CreatedOnToolsVersion = 8.0;
						DevelopmentTeam = J9ZNEG6M25;
						ProvisioningStyle = Automatic;
						SystemCapabilities = {
							com.apple.Keychain = {
								enabled = 1;
							};
							com.apple.Maps.iOS = {
								enabled = 1;
							};
						};
					};
				};
			};
			buildConfigurationList = 44AF6BE71DCE168100DF4FDC /* Build configuration list for PBXProject "PeopleMon2" */;
			compatibilityVersion = "Xcode 3.2";
			developmentRegion = English;
			hasScannedForEncodings = 0;
			knownRegions = (
				en,
				Base,
			);
			mainGroup = 44AF6BE31DCE168100DF4FDC;
			productRefGroup = 44AF6BED1DCE168100DF4FDC /* Products */;
			projectDirPath = "";
			projectRoot = "";
			targets = (
				44AF6BEB1DCE168100DF4FDC /* PeopleMon2 */,
			);
		};
/* End PBXProject section */

/* Begin PBXResourcesBuildPhase section */
		44AF6BEA1DCE168100DF4FDC /* Resources */ = {
			isa = PBXResourcesBuildPhase;
			buildActionMask = 2147483647;
			files = (
				44AF6BFA1DCE168100DF4FDC /* LaunchScreen.storyboard in Resources */,
				44AF6BF71DCE168100DF4FDC /* Assets.xcassets in Resources */,
				44AF6BF51DCE168100DF4FDC /* Main.storyboard in Resources */,
				44FCA7CD1DCE1D9200933ACC /* Login.storyboard in Resources */,
			);
			runOnlyForDeploymentPostprocessing = 0;
		};
/* End PBXResourcesBuildPhase section */

/* Begin PBXShellScriptBuildPhase section */
		C1CCD70CAD7BA18D9B9426EB /* [CP] Embed Pods Frameworks */ = {
			isa = PBXShellScriptBuildPhase;
			buildActionMask = 2147483647;
			files = (
			);
			inputPaths = (
			);
			name = "[CP] Embed Pods Frameworks";
			outputPaths = (
			);
			runOnlyForDeploymentPostprocessing = 0;
			shellPath = /bin/sh;
			shellScript = "\"${SRCROOT}/Pods/Target Support Files/Pods-PeopleMon2/Pods-PeopleMon2-frameworks.sh\"\n";
			showEnvVarsInLog = 0;
		};
		F852790EC148DC8C8DB8FA38 /* [CP] Check Pods Manifest.lock */ = {
			isa = PBXShellScriptBuildPhase;
			buildActionMask = 2147483647;
			files = (
			);
			inputPaths = (
			);
			name = "[CP] Check Pods Manifest.lock";
			outputPaths = (
			);
			runOnlyForDeploymentPostprocessing = 0;
			shellPath = /bin/sh;
			shellScript = "diff \"${PODS_ROOT}/../Podfile.lock\" \"${PODS_ROOT}/Manifest.lock\" > /dev/null\nif [ $? != 0 ] ; then\n    # print error to STDERR\n    echo \"error: The sandbox is not in sync with the Podfile.lock. Run 'pod install' or update your CocoaPods installation.\" >&2\n    exit 1\nfi\n";
			showEnvVarsInLog = 0;
		};
		FA17248A068D8AB28DF4B3D7 /* [CP] Copy Pods Resources */ = {
			isa = PBXShellScriptBuildPhase;
			buildActionMask = 2147483647;
			files = (
			);
			inputPaths = (
			);
			name = "[CP] Copy Pods Resources";
			outputPaths = (
			);
			runOnlyForDeploymentPostprocessing = 0;
			shellPath = /bin/sh;
			shellScript = "\"${SRCROOT}/Pods/Target Support Files/Pods-PeopleMon2/Pods-PeopleMon2-resources.sh\"\n";
			showEnvVarsInLog = 0;
		};
/* End PBXShellScriptBuildPhase section */

/* Begin PBXSourcesBuildPhase section */
		44AF6BE81DCE168100DF4FDC /* Sources */ = {
			isa = PBXSourcesBuildPhase;
			buildActionMask = 2147483647;
			files = (
				44FCA7D31DCE220B00933ACC /* NetworkModel.swift in Sources */,
				44A0B31F1DD14413006C501B /* RegisterViewController.swift in Sources */,
				4452CE891DD4AC46006CE9F9 /* MapPins.swift in Sources */,
				44FCA7D51DCE23C200933ACC /* WebServices.swift in Sources */,
				4406DD851DD5605B003F5EEB /* People.swift in Sources */,
				44FCA7CF1DCE1F8700933ACC /* LoginViewController.swift in Sources */,
				44FCA7DE1DCF9F8700933ACC /* Account.swift in Sources */,
				44FCA7D71DCE248400933ACC /* WebServicesExtension.swift in Sources */,
				44B4A7B51DD35EFF00EC4EE5 /* MapViewController.swift in Sources */,
				44AF6BF01DCE168100DF4FDC /* AppDelegate.swift in Sources */,
				44B4A7B31DD2B06D00EC4EE5 /* UserListViewController.swift in Sources */,
				44A0B31D1DD0D07F006C501B /* User.swift in Sources */,
				44FCA7DC1DCE2C7800933ACC /* Constants.swift in Sources */,
				44A0B3211DD149FA006C501B /* Utils.swift in Sources */,
				44A0B3231DD14B31006C501B /* UserStore.swift in Sources */,
			);
			runOnlyForDeploymentPostprocessing = 0;
		};
/* End PBXSourcesBuildPhase section */

/* Begin PBXVariantGroup section */
		44AF6BF31DCE168100DF4FDC /* Main.storyboard */ = {
			isa = PBXVariantGroup;
			children = (
				44AF6BF41DCE168100DF4FDC /* Base */,
			);
			name = Main.storyboard;
			path = PeopleMon2;
			sourceTree = "<group>";
		};
		44AF6BF81DCE168100DF4FDC /* LaunchScreen.storyboard */ = {
			isa = PBXVariantGroup;
			children = (
				44AF6BF91DCE168100DF4FDC /* Base */,
			);
			name = LaunchScreen.storyboard;
			sourceTree = "<group>";
		};
/* End PBXVariantGroup section */

/* Begin XCBuildConfiguration section */
		44AF6BFC1DCE168100DF4FDC /* Debug */ = {
			isa = XCBuildConfiguration;
			buildSettings = {
				ALWAYS_SEARCH_USER_PATHS = NO;
				CLANG_ANALYZER_NONNULL = YES;
				CLANG_CXX_LANGUAGE_STANDARD = "gnu++0x";
				CLANG_CXX_LIBRARY = "libc++";
				CLANG_ENABLE_MODULES = YES;
				CLANG_ENABLE_OBJC_ARC = YES;
				CLANG_WARN_BOOL_CONVERSION = YES;
				CLANG_WARN_CONSTANT_CONVERSION = YES;
				CLANG_WARN_DIRECT_OBJC_ISA_USAGE = YES_ERROR;
				CLANG_WARN_DOCUMENTATION_COMMENTS = YES;
				CLANG_WARN_EMPTY_BODY = YES;
				CLANG_WARN_ENUM_CONVERSION = YES;
				CLANG_WARN_INFINITE_RECURSION = YES;
				CLANG_WARN_INT_CONVERSION = YES;
				CLANG_WARN_OBJC_ROOT_CLASS = YES_ERROR;
				CLANG_WARN_SUSPICIOUS_MOVE = YES;
				CLANG_WARN_SUSPICIOUS_MOVES = YES;
				CLANG_WARN_UNREACHABLE_CODE = YES;
				CLANG_WARN__DUPLICATE_METHOD_MATCH = YES;
				"CODE_SIGN_IDENTITY[sdk=iphoneos*]" = "iPhone Developer";
				COPY_PHASE_STRIP = NO;
				DEBUG_INFORMATION_FORMAT = dwarf;
				ENABLE_STRICT_OBJC_MSGSEND = YES;
				ENABLE_TESTABILITY = YES;
				GCC_C_LANGUAGE_STANDARD = gnu99;
				GCC_DYNAMIC_NO_PIC = NO;
				GCC_NO_COMMON_BLOCKS = YES;
				GCC_OPTIMIZATION_LEVEL = 0;
				GCC_PREPROCESSOR_DEFINITIONS = (
					"DEBUG=1",
					"$(inherited)",
				);
				GCC_WARN_64_TO_32_BIT_CONVERSION = YES;
				GCC_WARN_ABOUT_RETURN_TYPE = YES_ERROR;
				GCC_WARN_UNDECLARED_SELECTOR = YES;
				GCC_WARN_UNINITIALIZED_AUTOS = YES_AGGRESSIVE;
				GCC_WARN_UNUSED_FUNCTION = YES;
				GCC_WARN_UNUSED_VARIABLE = YES;
				IPHONEOS_DEPLOYMENT_TARGET = 10.0;
				MTL_ENABLE_DEBUG_INFO = YES;
				ONLY_ACTIVE_ARCH = YES;
				SDKROOT = iphoneos;
				SWIFT_ACTIVE_COMPILATION_CONDITIONS = DEBUG;
				SWIFT_OPTIMIZATION_LEVEL = "-Onone";
			};
			name = Debug;
		};
		44AF6BFD1DCE168100DF4FDC /* Release */ = {
			isa = XCBuildConfiguration;
			buildSettings = {
				ALWAYS_SEARCH_USER_PATHS = NO;
				CLANG_ANALYZER_NONNULL = YES;
				CLANG_CXX_LANGUAGE_STANDARD = "gnu++0x";
				CLANG_CXX_LIBRARY = "libc++";
				CLANG_ENABLE_MODULES = YES;
				CLANG_ENABLE_OBJC_ARC = YES;
				CLANG_WARN_BOOL_CONVERSION = YES;
				CLANG_WARN_CONSTANT_CONVERSION = YES;
				CLANG_WARN_DIRECT_OBJC_ISA_USAGE = YES_ERROR;
				CLANG_WARN_DOCUMENTATION_COMMENTS = YES;
				CLANG_WARN_EMPTY_BODY = YES;
				CLANG_WARN_ENUM_CONVERSION = YES;
				CLANG_WARN_INFINITE_RECURSION = YES;
				CLANG_WARN_INT_CONVERSION = YES;
				CLANG_WARN_OBJC_ROOT_CLASS = YES_ERROR;
				CLANG_WARN_SUSPICIOUS_MOVE = YES;
				CLANG_WARN_SUSPICIOUS_MOVES = YES;
				CLANG_WARN_UNREACHABLE_CODE = YES;
				CLANG_WARN__DUPLICATE_METHOD_MATCH = YES;
				"CODE_SIGN_IDENTITY[sdk=iphoneos*]" = "iPhone Developer";
				COPY_PHASE_STRIP = NO;
				DEBUG_INFORMATION_FORMAT = "dwarf-with-dsym";
				ENABLE_NS_ASSERTIONS = NO;
				ENABLE_STRICT_OBJC_MSGSEND = YES;
				GCC_C_LANGUAGE_STANDARD = gnu99;
				GCC_NO_COMMON_BLOCKS = YES;
				GCC_WARN_64_TO_32_BIT_CONVERSION = YES;
				GCC_WARN_ABOUT_RETURN_TYPE = YES_ERROR;
				GCC_WARN_UNDECLARED_SELECTOR = YES;
				GCC_WARN_UNINITIALIZED_AUTOS = YES_AGGRESSIVE;
				GCC_WARN_UNUSED_FUNCTION = YES;
				GCC_WARN_UNUSED_VARIABLE = YES;
				IPHONEOS_DEPLOYMENT_TARGET = 10.0;
				MTL_ENABLE_DEBUG_INFO = NO;
				SDKROOT = iphoneos;
				SWIFT_OPTIMIZATION_LEVEL = "-Owholemodule";
				VALIDATE_PRODUCT = YES;
			};
			name = Release;
		};
		44AF6BFF1DCE168100DF4FDC /* Debug */ = {
			isa = XCBuildConfiguration;
			baseConfigurationReference = 2825931A99CD9FF320EF2711 /* Pods-PeopleMon2.debug.xcconfig */;
			buildSettings = {
				ALWAYS_EMBED_SWIFT_STANDARD_LIBRARIES = YES;
				ASSETCATALOG_COMPILER_APPICON_NAME = AppIcon;
				CODE_SIGN_ENTITLEMENTS = PeopleMon2/PeopleMon2.entitlements;
				DEVELOPMENT_TEAM = J9ZNEG6M25;
				INFOPLIST_FILE = PeopleMon2/Info.plist;
				LD_RUNPATH_SEARCH_PATHS = "$(inherited) @executable_path/Frameworks";
				PRODUCT_BUNDLE_IDENTIFIER = com.Interapt.PeopleMon2;
				PRODUCT_NAME = "$(TARGET_NAME)";
				SWIFT_VERSION = 3.0;
			};
			name = Debug;
		};
		44AF6C001DCE168100DF4FDC /* Release */ = {
			isa = XCBuildConfiguration;
			baseConfigurationReference = F78B8EB5D78D57A2C227DD1E /* Pods-PeopleMon2.release.xcconfig */;
			buildSettings = {
				ALWAYS_EMBED_SWIFT_STANDARD_LIBRARIES = YES;
				ASSETCATALOG_COMPILER_APPICON_NAME = AppIcon;
				CODE_SIGN_ENTITLEMENTS = PeopleMon2/PeopleMon2.entitlements;
				DEVELOPMENT_TEAM = J9ZNEG6M25;
				INFOPLIST_FILE = PeopleMon2/Info.plist;
				LD_RUNPATH_SEARCH_PATHS = "$(inherited) @executable_path/Frameworks";
				PRODUCT_BUNDLE_IDENTIFIER = com.Interapt.PeopleMon2;
				PRODUCT_NAME = "$(TARGET_NAME)";
				SWIFT_VERSION = 3.0;
			};
			name = Release;
		};
/* End XCBuildConfiguration section */

/* Begin XCConfigurationList section */
		44AF6BE71DCE168100DF4FDC /* Build configuration list for PBXProject "PeopleMon2" */ = {
			isa = XCConfigurationList;
			buildConfigurations = (
				44AF6BFC1DCE168100DF4FDC /* Debug */,
				44AF6BFD1DCE168100DF4FDC /* Release */,
			);
			defaultConfigurationIsVisible = 0;
			defaultConfigurationName = Release;
		};
		44AF6BFE1DCE168100DF4FDC /* Build configuration list for PBXNativeTarget "PeopleMon2" */ = {
			isa = XCConfigurationList;
			buildConfigurations = (
				44AF6BFF1DCE168100DF4FDC /* Debug */,
				44AF6C001DCE168100DF4FDC /* Release */,
			);
			defaultConfigurationIsVisible = 0;
			defaultConfigurationName = Release;
		};
/* End XCConfigurationList section */
	};
	rootObject = 44AF6BE41DCE168100DF4FDC /* Project object */;
}
